
Microsoft Visual Studio Solution File, Format Version 12.00
# Visual Studio 15
VisualStudioVersion = 15.0.27130.2010
MinimumVisualStudioVersion = 10.0.40219.1
Project("{FAE04EC0-301F-11D3-BF4B-00C04F79EFBC}") = "Lab09", "Lab09\Lab09.csproj", "{C1B846B4-5346-49C7-8230-D71EF50036C1}"
EndProject
Global
	GlobalSection(SolutionConfigurationPlatforms) = preSolution
		Debug|Any CPU = Debug|Any CPU
		Release|Any CPU = Release|Any CPU
	EndGlobalSection
	GlobalSection(ProjectConfigurationPlatforms) = postSolution
		{C1B846B4-5346-49C7-8230-D71EF50036C1}.Debug|Any CPU.ActiveCfg = Debug|Any CPU
		{C1B846B4-5346-49C7-8230-D71EF50036C1}.Debug|Any CPU.Build.0 = Debug|Any CPU
		{C1B846B4-5346-49C7-8230-D71EF50036C1}.Release|Any CPU.ActiveCfg = Release|Any CPU
		{C1B846B4-5346-49C7-8230-D71EF50036C1}.Release|Any CPU.Build.0 = Release|Any CPU
	EndGlobalSection
	GlobalSection(SolutionProperties) = preSolution
		HideSolutionNode = FALSE
	EndGlobalSection
	GlobalSection(ExtensibilityGlobals) = postSolution
		SolutionGuid = {0157827E-273F-4B8B-85B4-0D4C10C1AC48}
	EndGlobalSection
EndGlobal
